
Microsoft Visual Studio Solution File, Format Version 12.00
# Visual Studio Version 16
VisualStudioVersion = 16.0.28803.352
MinimumVisualStudioVersion = 10.0.40219.1
Project("{FAE04EC0-301F-11D3-BF4B-00C04F79EFBC}") = "CsLab6", "CsLab6\CsLab6.csproj", "{FCCC72F5-CADD-4144-9C8E-43166BBF4BF2}"
EndProject
Global
	GlobalSection(SolutionConfigurationPlatforms) = preSolution
		Debug|Any CPU = Debug|Any CPU
		Release|Any CPU = Release|Any CPU
	EndGlobalSection
	GlobalSection(ProjectConfigurationPlatforms) = postSolution
		{FCCC72F5-CADD-4144-9C8E-43166BBF4BF2}.Debug|Any CPU.ActiveCfg = Debug|Any CPU
		{FCCC72F5-CADD-4144-9C8E-43166BBF4BF2}.Debug|Any CPU.Build.0 = Debug|Any CPU
		{FCCC72F5-CADD-4144-9C8E-43166BBF4BF2}.Release|Any CPU.ActiveCfg = Release|Any CPU
		{FCCC72F5-CADD-4144-9C8E-43166BBF4BF2}.Release|Any CPU.Build.0 = Release|Any CPU
	EndGlobalSection
	GlobalSection(SolutionProperties) = preSolution
		HideSolutionNode = FALSE
	EndGlobalSection
	GlobalSection(ExtensibilityGlobals) = postSolution
		SolutionGuid = {402F4076-E924-470D-818D-C4934D7F1C63}
	EndGlobalSection
EndGlobal
